
Microsoft Visual Studio Solution File, Format Version 12.00
# Visual Studio Version 16
VisualStudioVersion = 16.0.31321.278
MinimumVisualStudioVersion = 10.0.40219.1
Project("{FAE04EC0-301F-11D3-BF4B-00C04F79EFBC}") = "TestBook", "TestBook\TestBook.csproj", "{1863EEC0-8E18-4DE6-B8B7-5B253927D5C2}"
EndProject
Global
	GlobalSection(SolutionConfigurationPlatforms) = preSolution
		Debug|Any CPU = Debug|Any CPU
		Release|Any CPU = Release|Any CPU
	EndGlobalSection
	GlobalSection(ProjectConfigurationPlatforms) = postSolution
		{1863EEC0-8E18-4DE6-B8B7-5B253927D5C2}.Debug|Any CPU.ActiveCfg = Debug|Any CPU
		{1863EEC0-8E18-4DE6-B8B7-5B253927D5C2}.Debug|Any CPU.Build.0 = Debug|Any CPU
		{1863EEC0-8E18-4DE6-B8B7-5B253927D5C2}.Release|Any CPU.ActiveCfg = Release|Any CPU
		{1863EEC0-8E18-4DE6-B8B7-5B253927D5C2}.Release|Any CPU.Build.0 = Release|Any CPU
	EndGlobalSection
	GlobalSection(SolutionProperties) = preSolution
		HideSolutionNode = FALSE
	EndGlobalSection
	GlobalSection(ExtensibilityGlobals) = postSolution
		SolutionGuid = {3084D05C-0FEA-43D4-A7D8-C2EF8A01E0BD}
	EndGlobalSection
EndGlobal
